
Microsoft Visual Studio Solution File, Format Version 12.00
# Visual Studio Version 16
VisualStudioVersion = 16.0.29911.84
MinimumVisualStudioVersion = 10.0.40219.1
Project("{FAE04EC0-301F-11D3-BF4B-00C04F79EFBC}") = "DemoJS", "DemoJS.csproj", "{BE96611F-75E9-4E62-BC97-23F82C983444}"
EndProject
Global
	GlobalSection(SolutionConfigurationPlatforms) = preSolution
		Debug|Any CPU = Debug|Any CPU
		Release|Any CPU = Release|Any CPU
	EndGlobalSection
	GlobalSection(ProjectConfigurationPlatforms) = postSolution
		{BE96611F-75E9-4E62-BC97-23F82C983444}.Debug|Any CPU.ActiveCfg = Debug|Any CPU
		{BE96611F-75E9-4E62-BC97-23F82C983444}.Debug|Any CPU.Build.0 = Debug|Any CPU
		{BE96611F-75E9-4E62-BC97-23F82C983444}.Release|Any CPU.ActiveCfg = Release|Any CPU
		{BE96611F-75E9-4E62-BC97-23F82C983444}.Release|Any CPU.Build.0 = Release|Any CPU
	EndGlobalSection
	GlobalSection(SolutionProperties) = preSolution
		HideSolutionNode = FALSE
	EndGlobalSection
	GlobalSection(ExtensibilityGlobals) = postSolution
		SolutionGuid = {B5E4FB69-D5FB-4BBD-8430-0FF54163F5F0}
	EndGlobalSection
EndGlobal
